
Microsoft Visual Studio Solution File, Format Version 12.00
# Visual Studio Version 16
VisualStudioVersion = 16.0.30104.148
MinimumVisualStudioVersion = 10.0.40219.1
Project("{9A19103F-16F7-4668-BE54-9A1E7A4F7556}") = "CursoMVC", "CursoMVC\CursoMVC.csproj", "{49AC4F1C-9B97-4961-8BC7-AABEBDFBF97B}"
EndProject
Project("{FAE04EC0-301F-11D3-BF4B-00C04F79EFBC}") = "CursoAPI", "CursoAPI\CursoAPI.csproj", "{99613285-5618-423A-A86D-62E63062A552}"
EndProject
Project("{FAE04EC0-301F-11D3-BF4B-00C04F79EFBC}") = "CursoTest", "CursoTest\CursoTest.csproj", "{118DB886-BAD5-4AF8-A8FA-A9AD54F5B498}"
EndProject
Global
	GlobalSection(SolutionConfigurationPlatforms) = preSolution
		Debug|Any CPU = Debug|Any CPU
		Release|Any CPU = Release|Any CPU
	EndGlobalSection
	GlobalSection(ProjectConfigurationPlatforms) = postSolution
		{49AC4F1C-9B97-4961-8BC7-AABEBDFBF97B}.Debug|Any CPU.ActiveCfg = Debug|Any CPU
		{49AC4F1C-9B97-4961-8BC7-AABEBDFBF97B}.Debug|Any CPU.Build.0 = Debug|Any CPU
		{49AC4F1C-9B97-4961-8BC7-AABEBDFBF97B}.Release|Any CPU.ActiveCfg = Release|Any CPU
		{49AC4F1C-9B97-4961-8BC7-AABEBDFBF97B}.Release|Any CPU.Build.0 = Release|Any CPU
		{99613285-5618-423A-A86D-62E63062A552}.Debug|Any CPU.ActiveCfg = Debug|Any CPU
		{99613285-5618-423A-A86D-62E63062A552}.Debug|Any CPU.Build.0 = Debug|Any CPU
		{99613285-5618-423A-A86D-62E63062A552}.Release|Any CPU.ActiveCfg = Release|Any CPU
		{99613285-5618-423A-A86D-62E63062A552}.Release|Any CPU.Build.0 = Release|Any CPU
		{118DB886-BAD5-4AF8-A8FA-A9AD54F5B498}.Debug|Any CPU.ActiveCfg = Debug|Any CPU
		{118DB886-BAD5-4AF8-A8FA-A9AD54F5B498}.Debug|Any CPU.Build.0 = Debug|Any CPU
		{118DB886-BAD5-4AF8-A8FA-A9AD54F5B498}.Release|Any CPU.ActiveCfg = Release|Any CPU
		{118DB886-BAD5-4AF8-A8FA-A9AD54F5B498}.Release|Any CPU.Build.0 = Release|Any CPU
	EndGlobalSection
	GlobalSection(SolutionProperties) = preSolution
		HideSolutionNode = FALSE
	EndGlobalSection
	GlobalSection(ExtensibilityGlobals) = postSolution
		SolutionGuid = {69A186E2-2998-4F99-B2F7-038052A08913}
	EndGlobalSection
EndGlobal
